
Microsoft Visual Studio Solution File, Format Version 12.00
# Visual Studio 15
VisualStudioVersion = 15.0.27703.2035
MinimumVisualStudioVersion = 10.0.40219.1
Project("{F2A71F9B-5D33-465A-A702-920D77279786}") = "Library1", "Library1\Library1.fsproj", "{3797D1C3-8E94-4ED0-A3F4-2756111EC493}"
EndProject
Project("{F2A71F9B-5D33-465A-A702-920D77279786}") = "Bundle1", "Bundle1\Bundle1.fsproj", "{CDFE955D-6976-4249-884C-F0EDA95FAC1B}"
EndProject
Project("{F2A71F9B-5D33-465A-A702-920D77279786}") = "Bundle2", "Bundle2\Bundle2.fsproj", "{C2E0AB97-F39B-481D-B5D3-E68E5C0A0B70}"
EndProject
Global
	GlobalSection(SolutionConfigurationPlatforms) = preSolution
		Debug|Any CPU = Debug|Any CPU
		Release|Any CPU = Release|Any CPU
	EndGlobalSection
	GlobalSection(ProjectConfigurationPlatforms) = postSolution
		{3797D1C3-8E94-4ED0-A3F4-2756111EC493}.Debug|Any CPU.ActiveCfg = Debug|Any CPU
		{3797D1C3-8E94-4ED0-A3F4-2756111EC493}.Debug|Any CPU.Build.0 = Debug|Any CPU
		{3797D1C3-8E94-4ED0-A3F4-2756111EC493}.Release|Any CPU.ActiveCfg = Release|Any CPU
		{3797D1C3-8E94-4ED0-A3F4-2756111EC493}.Release|Any CPU.Build.0 = Release|Any CPU
		{CDFE955D-6976-4249-884C-F0EDA95FAC1B}.Debug|Any CPU.ActiveCfg = Debug|Any CPU
		{CDFE955D-6976-4249-884C-F0EDA95FAC1B}.Debug|Any CPU.Build.0 = Debug|Any CPU
		{CDFE955D-6976-4249-884C-F0EDA95FAC1B}.Release|Any CPU.ActiveCfg = Release|Any CPU
		{CDFE955D-6976-4249-884C-F0EDA95FAC1B}.Release|Any CPU.Build.0 = Release|Any CPU
		{C2E0AB97-F39B-481D-B5D3-E68E5C0A0B70}.Debug|Any CPU.ActiveCfg = Debug|Any CPU
		{C2E0AB97-F39B-481D-B5D3-E68E5C0A0B70}.Debug|Any CPU.Build.0 = Debug|Any CPU
		{C2E0AB97-F39B-481D-B5D3-E68E5C0A0B70}.Release|Any CPU.ActiveCfg = Release|Any CPU
		{C2E0AB97-F39B-481D-B5D3-E68E5C0A0B70}.Release|Any CPU.Build.0 = Release|Any CPU
	EndGlobalSection
	GlobalSection(SolutionProperties) = preSolution
		HideSolutionNode = FALSE
	EndGlobalSection
	GlobalSection(ExtensibilityGlobals) = postSolution
		SolutionGuid = {FBE104E5-278D-446E-A90F-248C1C8EBE1C}
	EndGlobalSection
EndGlobal
